// !$*UTF8*$!
{
	archiveVersion = 1;
	classes = {
	};
	objectVersion = 51;
	objects = {

/* Begin PBXBuildFile section */
		153E6A60264D84D40079E11A /* AppDelegate.swift in Sources */ = {isa = PBXBuildFile; fileRef = 153E6A5F264D84D40079E11A /* AppDelegate.swift */; };
		153E6A62264D84D40079E11A /* SceneDelegate.swift in Sources */ = {isa = PBXBuildFile; fileRef = 153E6A61264D84D40079E11A /* SceneDelegate.swift */; };
		153E6A64264D84D40079E11A /* ViewController.swift in Sources */ = {isa = PBXBuildFile; fileRef = 153E6A63264D84D40079E11A /* ViewController.swift */; };
		153E6A67264D84D40079E11A /* Main.storyboard in Resources */ = {isa = PBXBuildFile; fileRef = 153E6A65264D84D40079E11A /* Main.storyboard */; };
		153E6A69264D84D60079E11A /* Assets.xcassets in Resources */ = {isa = PBXBuildFile; fileRef = 153E6A68264D84D60079E11A /* Assets.xcassets */; };
		153E6A6C264D84D60079E11A /* LaunchScreen.storyboard in Resources */ = {isa = PBXBuildFile; fileRef = 153E6A6A264D84D60079E11A /* LaunchScreen.storyboard */; };
		153E6A75264D86AF0079E11A /* TaskListViewController.swift in Sources */ = {isa = PBXBuildFile; fileRef = 153E6A74264D86AF0079E11A /* TaskListViewController.swift */; };
		153E6A77264D86BC0079E11A /* AddUpdateViewController.swift in Sources */ = {isa = PBXBuildFile; fileRef = 153E6A76264D86BC0079E11A /* AddUpdateViewController.swift */; };
		153E6B01264EA6860079E11A /* Task.swift in Sources */ = {isa = PBXBuildFile; fileRef = 153E6B00264EA6860079E11A /* Task.swift */; };
		EF97C0EF1C4A4F8E8CFCF90E /* Pods_TasksWithFiresbase.framework in Frameworks */ = {isa = PBXBuildFile; fileRef = 5C02E4D15A6D240A2E91AB88 /* Pods_TasksWithFiresbase.framework */; };
		F59E8622282DD39D00A697C2 /* GoogleService-Info.plist in Resources */ = {isa = PBXBuildFile; fileRef = F59E8621282DD39D00A697C2 /* GoogleService-Info.plist */; };
/* End PBXBuildFile section */

/* Begin PBXFileReference section */
		153E6A5C264D84D40079E11A /* TasksWithFiresbase.app */ = {isa = PBXFileReference; explicitFileType = wrapper.application; includeInIndex = 0; path = TasksWithFiresbase.app; sourceTree = BUILT_PRODUCTS_DIR; };
		153E6A5F264D84D40079E11A /* AppDelegate.swift */ = {isa = PBXFileReference; lastKnownFileType = sourcecode.swift; path = AppDelegate.swift; sourceTree = "<group>"; };
		153E6A61264D84D40079E11A /* SceneDelegate.swift */ = {isa = PBXFileReference; lastKnownFileType = sourcecode.swift; path = SceneDelegate.swift; sourceTree = "<group>"; };
		153E6A63264D84D40079E11A /* ViewController.swift */ = {isa = PBXFileReference; lastKnownFileType = sourcecode.swift; path = ViewController.swift; sourceTree = "<group>"; };
		153E6A66264D84D40079E11A /* Base */ = {isa = PBXFileReference; lastKnownFileType = file.storyboard; name = Base; path = Base.lproj/Main.storyboard; sourceTree = "<group>"; };
		153E6A68264D84D60079E11A /* Assets.xcassets */ = {isa = PBXFileReference; lastKnownFileType = folder.assetcatalog; path = Assets.xcassets; sourceTree = "<group>"; };
		153E6A6B264D84D60079E11A /* Base */ = {isa = PBXFileReference; lastKnownFileType = file.storyboard; name = Base; path = Base.lproj/LaunchScreen.storyboard; sourceTree = "<group>"; };
		153E6A6D264D84D60079E11A /* Info.plist */ = {isa = PBXFileReference; lastKnownFileType = text.plist.xml; path = Info.plist; sourceTree = "<group>"; };
		153E6A74264D86AF0079E11A /* TaskListViewController.swift */ = {isa = PBXFileReference; lastKnownFileType = sourcecode.swift; path = TaskListViewController.swift; sourceTree = "<group>"; };
		153E6A76264D86BC0079E11A /* AddUpdateViewController.swift */ = {isa = PBXFileReference; lastKnownFileType = sourcecode.swift; path = AddUpdateViewController.swift; sourceTree = "<group>"; };
		153E6B00264EA6860079E11A /* Task.swift */ = {isa = PBXFileReference; lastKnownFileType = sourcecode.swift; path = Task.swift; sourceTree = "<group>"; };
		5C02E4D15A6D240A2E91AB88 /* Pods_TasksWithFiresbase.framework */ = {isa = PBXFileReference; explicitFileType = wrapper.framework; includeInIndex = 0; path = Pods_TasksWithFiresbase.framework; sourceTree = BUILT_PRODUCTS_DIR; };
		A2CF04922C5B9FA7828C810A /* Pods-TasksWithFiresbase.release.xcconfig */ = {isa = PBXFileReference; includeInIndex = 1; lastKnownFileType = text.xcconfig; name = "Pods-TasksWithFiresbase.release.xcconfig"; path = "Target Support Files/Pods-TasksWithFiresbase/Pods-TasksWithFiresbase.release.xcconfig"; sourceTree = "<group>"; };
		EE242FDFE2C5A0A0A0B7B896 /* Pods-TasksWithFiresbase.debug.xcconfig */ = {isa = PBXFileReference; includeInIndex = 1; lastKnownFileType = text.xcconfig; name = "Pods-TasksWithFiresbase.debug.xcconfig"; path = "Target Support Files/Pods-TasksWithFiresbase/Pods-TasksWithFiresbase.debug.xcconfig"; sourceTree = "<group>"; };
		F59E8621282DD39D00A697C2 /* GoogleService-Info.plist */ = {isa = PBXFileReference; fileEncoding = 4; lastKnownFileType = text.plist.xml; path = "GoogleService-Info.plist"; sourceTree = "<group>"; };
/* End PBXFileReference section */

/* Begin PBXFrameworksBuildPhase section */
		153E6A59264D84D40079E11A /* Frameworks */ = {
			isa = PBXFrameworksBuildPhase;
			buildActionMask = 2147483647;
			files = (
				EF97C0EF1C4A4F8E8CFCF90E /* Pods_TasksWithFiresbase.framework in Frameworks */,
			);
			runOnlyForDeploymentPostprocessing = 0;
		};
/* End PBXFrameworksBuildPhase section */

/* Begin PBXGroup section */
		153E6A53264D84D40079E11A = {
			isa = PBXGroup;
			children = (
				153E6A5E264D84D40079E11A /* TasksWithFiresbase */,
				153E6A5D264D84D40079E11A /* Products */,
				C520D47E67FB61D9CB128BEB /* Pods */,
				D091CE8C694F662F0354B709 /* Frameworks */,
			);
			sourceTree = "<group>";
		};
		153E6A5D264D84D40079E11A /* Products */ = {
			isa = PBXGroup;
			children = (
				153E6A5C264D84D40079E11A /* TasksWithFiresbase.app */,
			);
			name = Products;
			sourceTree = "<group>";
		};
		153E6A5E264D84D40079E11A /* TasksWithFiresbase */ = {
			isa = PBXGroup;
			children = (
				153E6B02264EA69B0079E11A /* models */,
				153E6A78264D86FB0079E11A /* controllers */,
				153E6A5F264D84D40079E11A /* AppDelegate.swift */,
				153E6A61264D84D40079E11A /* SceneDelegate.swift */,
				153E6A63264D84D40079E11A /* ViewController.swift */,
				F59E8621282DD39D00A697C2 /* GoogleService-Info.plist */,
				153E6A65264D84D40079E11A /* Main.storyboard */,
				153E6A68264D84D60079E11A /* Assets.xcassets */,
				153E6A6A264D84D60079E11A /* LaunchScreen.storyboard */,
				153E6A6D264D84D60079E11A /* Info.plist */,
			);
			path = TasksWithFiresbase;
			sourceTree = "<group>";
		};
		153E6A78264D86FB0079E11A /* controllers */ = {
			isa = PBXGroup;
			children = (
				153E6A74264D86AF0079E11A /* TaskListViewController.swift */,
				153E6A76264D86BC0079E11A /* AddUpdateViewController.swift */,
			);
			path = controllers;
			sourceTree = "<group>";
		};
		153E6B02264EA69B0079E11A /* models */ = {
			isa = PBXGroup;
			children = (
				153E6B00264EA6860079E11A /* Task.swift */,
			);
			path = models;
			sourceTree = "<group>";
		};
		C520D47E67FB61D9CB128BEB /* Pods */ = {
			isa = PBXGroup;
			children = (
				EE242FDFE2C5A0A0A0B7B896 /* Pods-TasksWithFiresbase.debug.xcconfig */,
				A2CF04922C5B9FA7828C810A /* Pods-TasksWithFiresbase.release.xcconfig */,
			);
			path = Pods;
			sourceTree = "<group>";
		};
		D091CE8C694F662F0354B709 /* Frameworks */ = {
			isa = PBXGroup;
			children = (
				5C02E4D15A6D240A2E91AB88 /* Pods_TasksWithFiresbase.framework */,
			);
			name = Frameworks;
			sourceTree = "<group>";
		};
/* End PBXGroup section */

/* Begin PBXNativeTarget section */
		153E6A5B264D84D40079E11A /* TasksWithFiresbase */ = {
			isa = PBXNativeTarget;
			buildConfigurationList = 153E6A70264D84D60079E11A /* Build configuration list for PBXNativeTarget "TasksWithFiresbase" */;
			buildPhases = (
				001E429A3A73C4BC57712125 /* [CP] Check Pods Manifest.lock */,
				153E6A58264D84D40079E11A /* Sources */,
				153E6A59264D84D40079E11A /* Frameworks */,
				153E6A5A264D84D40079E11A /* Resources */,
				3E1928C7CC967F67CC1F844E /* [CP] Embed Pods Frameworks */,
			);
			buildRules = (
			);
			dependencies = (
			);
			name = TasksWithFiresbase;
			productName = TasksWithFiresbase;
			productReference = 153E6A5C264D84D40079E11A /* TasksWithFiresbase.app */;
			productType = "com.apple.product-type.application";
		};
/* End PBXNativeTarget section */

/* Begin PBXProject section */
		153E6A54264D84D40079E11A /* Project object */ = {
			isa = PBXProject;
			attributes = {
				LastSwiftUpdateCheck = 1130;
				LastUpgradeCheck = 1130;
				ORGANIZATIONNAME = zebra;
				TargetAttributes = {
					153E6A5B264D84D40079E11A = {
						CreatedOnToolsVersion = 11.3.1;
					};
				};
			};
			buildConfigurationList = 153E6A57264D84D40079E11A /* Build configuration list for PBXProject "TasksWithFiresbase" */;
			compatibilityVersion = "Xcode 9.3";
			developmentRegion = en;
			hasScannedForEncodings = 0;
			knownRegions = (
				en,
				Base,
			);
			mainGroup = 153E6A53264D84D40079E11A;
			productRefGroup = 153E6A5D264D84D40079E11A /* Products */;
			projectDirPath = "";
			projectRoot = "";
			targets = (
				153E6A5B264D84D40079E11A /* TasksWithFiresbase */,
			);
		};
/* End PBXProject section */

/* Begin PBXResourcesBuildPhase section */
		153E6A5A264D84D40079E11A /* Resources */ = {
			isa = PBXResourcesBuildPhase;
			buildActionMask = 2147483647;
			files = (
				153E6A6C264D84D60079E11A /* LaunchScreen.storyboard in Resources */,
				F59E8622282DD39D00A697C2 /* GoogleService-Info.plist in Resources */,
				153E6A69264D84D60079E11A /* Assets.xcassets in Resources */,
				153E6A67264D84D40079E11A /* Main.storyboard in Resources */,
			);
			runOnlyForDeploymentPostprocessing = 0;
		};
/* End PBXResourcesBuildPhase section */

/* Begin PBXShellScriptBuildPhase section */
		001E429A3A73C4BC57712125 /* [CP] Check Pods Manifest.lock */ = {
			isa = PBXShellScriptBuildPhase;
			buildActionMask = 2147483647;
			files = (
			);
			inputFileListPaths = (
			);
			inputPaths = (
				"${PODS_PODFILE_DIR_PATH}/Podfile.lock",
				"${PODS_ROOT}/Manifest.lock",
			);
			name = "[CP] Check Pods Manifest.lock";
			outputFileListPaths = (
			);
			outputPaths = (
				"$(DERIVED_FILE_DIR)/Pods-TasksWithFiresbase-checkManifestLockResult.txt",
			);
			runOnlyForDeploymentPostprocessing = 0;
			shellPath = /bin/sh;
			shellScript = "diff \"${PODS_PODFILE_DIR_PATH}/Podfile.lock\" \"${PODS_ROOT}/Manifest.lock\" > /dev/null\nif [ $? != 0 ] ; then\n    # print error to STDERR\n    echo \"error: The sandbox is not in sync with the Podfile.lock. Run 'pod install' or update your CocoaPods installation.\" >&2\n    exit 1\nfi\n# This output is used by Xcode 'outputs' to avoid re-running this script phase.\necho \"SUCCESS\" > \"${SCRIPT_OUTPUT_FILE_0}\"\n";
			showEnvVarsInLog = 0;
		};
		3E1928C7CC967F67CC1F844E /* [CP] Embed Pods Frameworks */ = {
			isa = PBXShellScriptBuildPhase;
			buildActionMask = 2147483647;
			files = (
			);
			inputFileListPaths = (
				"${PODS_ROOT}/Target Support Files/Pods-TasksWithFiresbase/Pods-TasksWithFiresbase-frameworks-${CONFIGURATION}-input-files.xcfilelist",
			);
			name = "[CP] Embed Pods Frameworks";
			outputFileListPaths = (
				"${PODS_ROOT}/Target Support Files/Pods-TasksWithFiresbase/Pods-TasksWithFiresbase-frameworks-${CONFIGURATION}-output-files.xcfilelist",
			);
			runOnlyForDeploymentPostprocessing = 0;
			shellPath = /bin/sh;
			shellScript = "\"${PODS_ROOT}/Target Support Files/Pods-TasksWithFiresbase/Pods-TasksWithFiresbase-frameworks.sh\"\n";
			showEnvVarsInLog = 0;
		};
/* End PBXShellScriptBuildPhase section */

/* Begin PBXSourcesBuildPhase section */
		153E6A58264D84D40079E11A /* Sources */ = {
			isa = PBXSourcesBuildPhase;
			buildActionMask = 2147483647;
			files = (
				153E6A64264D84D40079E11A /* ViewController.swift in Sources */,
				153E6A75264D86AF0079E11A /* TaskListViewController.swift in Sources */,
				153E6A60264D84D40079E11A /* AppDelegate.swift in Sources */,
				153E6A62264D84D40079E11A /* SceneDelegate.swift in Sources */,
				153E6B01264EA6860079E11A /* Task.swift in Sources */,
				153E6A77264D86BC0079E11A /* AddUpdateViewController.swift in Sources */,
			);
			runOnlyForDeploymentPostprocessing = 0;
		};
/* End PBXSourcesBuildPhase section */

/* Begin PBXVariantGroup section */
		153E6A65264D84D40079E11A /* Main.storyboard */ = {
			isa = PBXVariantGroup;
			children = (
				153E6A66264D84D40079E11A /* Base */,
			);
			name = Main.storyboard;
			sourceTree = "<group>";
		};
		153E6A6A264D84D60079E11A /* LaunchScreen.storyboard */ = {
			isa = PBXVariantGroup;
			children = (
				153E6A6B264D84D60079E11A /* Base */,
			);
			name = LaunchScreen.storyboard;
			sourceTree = "<group>";
		};
/* End PBXVariantGroup section */

/* Begin XCBuildConfiguration section */
		153E6A6E264D84D60079E11A /* Debug */ = {
			isa = XCBuildConfiguration;
			buildSettings = {
				ALWAYS_SEARCH_USER_PATHS = NO;
				CLANG_ANALYZER_NONNULL = YES;
				CLANG_ANALYZER_NUMBER_OBJECT_CONVERSION = YES_AGGRESSIVE;
				CLANG_CXX_LANGUAGE_STANDARD = "gnu++14";
				CLANG_CXX_LIBRARY = "libc++";
				CLANG_ENABLE_MODULES = YES;
				CLANG_ENABLE_OBJC_ARC = YES;
				CLANG_ENABLE_OBJC_WEAK = YES;
				CLANG_WARN_BLOCK_CAPTURE_AUTORELEASING = YES;
				CLANG_WARN_BOOL_CONVERSION = YES;
				CLANG_WARN_COMMA = YES;
				CLANG_WARN_CONSTANT_CONVERSION = YES;
				CLANG_WARN_DEPRECATED_OBJC_IMPLEMENTATIONS = YES;
				CLANG_WARN_DIRECT_OBJC_ISA_USAGE = YES_ERROR;
				CLANG_WARN_DOCUMENTATION_COMMENTS = YES;
				CLANG_WARN_EMPTY_BODY = YES;
				CLANG_WARN_ENUM_CONVERSION = YES;
				CLANG_WARN_INFINITE_RECURSION = YES;
				CLANG_WARN_INT_CONVERSION = YES;
				CLANG_WARN_NON_LITERAL_NULL_CONVERSION = YES;
				CLANG_WARN_OBJC_IMPLICIT_RETAIN_SELF = YES;
				CLANG_WARN_OBJC_LITERAL_CONVERSION = YES;
				CLANG_WARN_OBJC_ROOT_CLASS = YES_ERROR;
				CLANG_WARN_RANGE_LOOP_ANALYSIS = YES;
				CLANG_WARN_STRICT_PROTOTYPES = YES;
				CLANG_WARN_SUSPICIOUS_MOVE = YES;
				CLANG_WARN_UNGUARDED_AVAILABILITY = YES_AGGRESSIVE;
				CLANG_WARN_UNREACHABLE_CODE = YES;
				CLANG_WARN__DUPLICATE_METHOD_MATCH = YES;
				COPY_PHASE_STRIP = NO;
				DEBUG_INFORMATION_FORMAT = dwarf;
				ENABLE_STRICT_OBJC_MSGSEND = YES;
				ENABLE_TESTABILITY = YES;
				GCC_C_LANGUAGE_STANDARD = gnu11;
				GCC_DYNAMIC_NO_PIC = NO;
				GCC_NO_COMMON_BLOCKS = YES;
				GCC_OPTIMIZATION_LEVEL = 0;
				GCC_PREPROCESSOR_DEFINITIONS = (
					"DEBUG=1",
					"$(inherited)",
				);
				GCC_WARN_64_TO_32_BIT_CONVERSION = YES;
				GCC_WARN_ABOUT_RETURN_TYPE = YES_ERROR;
				GCC_WARN_UNDECLARED_SELECTOR = YES;
				GCC_WARN_UNINITIALIZED_AUTOS = YES_AGGRESSIVE;
				GCC_WARN_UNUSED_FUNCTION = YES;
				GCC_WARN_UNUSED_VARIABLE = YES;
				IPHONEOS_DEPLOYMENT_TARGET = 13.2;
				MTL_ENABLE_DEBUG_INFO = INCLUDE_SOURCE;
				MTL_FAST_MATH = YES;
				ONLY_ACTIVE_ARCH = YES;
				SDKROOT = iphoneos;
				SWIFT_ACTIVE_COMPILATION_CONDITIONS = DEBUG;
				SWIFT_OPTIMIZATION_LEVEL = "-Onone";
			};
			name = Debug;
		};
		153E6A6F264D84D60079E11A /* Release */ = {
			isa = XCBuildConfiguration;
			buildSettings = {
				ALWAYS_SEARCH_USER_PATHS = NO;
				CLANG_ANALYZER_NONNULL = YES;
				CLANG_ANALYZER_NUMBER_OBJECT_CONVERSION = YES_AGGRESSIVE;
				CLANG_CXX_LANGUAGE_STANDARD = "gnu++14";
				CLANG_CXX_LIBRARY = "libc++";
				CLANG_ENABLE_MODULES = YES;
				CLANG_ENABLE_OBJC_ARC = YES;
				CLANG_ENABLE_OBJC_WEAK = YES;
				CLANG_WARN_BLOCK_CAPTURE_AUTORELEASING = YES;
				CLANG_WARN_BOOL_CONVERSION = YES;
				CLANG_WARN_COMMA = YES;
				CLANG_WARN_CONSTANT_CONVERSION = YES;
				CLANG_WARN_DEPRECATED_OBJC_IMPLEMENTATIONS = YES;
				CLANG_WARN_DIRECT_OBJC_ISA_USAGE = YES_ERROR;
				CLANG_WARN_DOCUMENTATION_COMMENTS = YES;
				CLANG_WARN_EMPTY_BODY = YES;
				CLANG_WARN_ENUM_CONVERSION = YES;
				CLANG_WARN_INFINITE_RECURSION = YES;
				CLANG_WARN_INT_CONVERSION = YES;
				CLANG_WARN_NON_LITERAL_NULL_CONVERSION = YES;
				CLANG_WARN_OBJC_IMPLICIT_RETAIN_SELF = YES;
				CLANG_WARN_OBJC_LITERAL_CONVERSION = YES;
				CLANG_WARN_OBJC_ROOT_CLASS = YES_ERROR;
				CLANG_WARN_RANGE_LOOP_ANALYSIS = YES;
				CLANG_WARN_STRICT_PROTOTYPES = YES;
				CLANG_WARN_SUSPICIOUS_MOVE = YES;
				CLANG_WARN_UNGUARDED_AVAILABILITY = YES_AGGRESSIVE;
				CLANG_WARN_UNREACHABLE_CODE = YES;
				CLANG_WARN__DUPLICATE_METHOD_MATCH = YES;
				COPY_PHASE_STRIP = NO;
				DEBUG_INFORMATION_FORMAT = "dwarf-with-dsym";
				ENABLE_NS_ASSERTIONS = NO;
				ENABLE_STRICT_OBJC_MSGSEND = YES;
				GCC_C_LANGUAGE_STANDARD = gnu11;
				GCC_NO_COMMON_BLOCKS = YES;
				GCC_WARN_64_TO_32_BIT_CONVERSION = YES;
				GCC_WARN_ABOUT_RETURN_TYPE = YES_ERROR;
				GCC_WARN_UNDECLARED_SELECTOR = YES;
				GCC_WARN_UNINITIALIZED_AUTOS = YES_AGGRESSIVE;
				GCC_WARN_UNUSED_FUNCTION = YES;
				GCC_WARN_UNUSED_VARIABLE = YES;
				IPHONEOS_DEPLOYMENT_TARGET = 13.2;
				MTL_ENABLE_DEBUG_INFO = NO;
				MTL_FAST_MATH = YES;
				SDKROOT = iphoneos;
				SWIFT_COMPILATION_MODE = wholemodule;
				SWIFT_OPTIMIZATION_LEVEL = "-O";
				VALIDATE_PRODUCT = YES;
			};
			name = Release;
		};
		153E6A71264D84D60079E11A /* Debug */ = {
			isa = XCBuildConfiguration;
			baseConfigurationReference = EE242FDFE2C5A0A0A0B7B896 /* Pods-TasksWithFiresbase.debug.xcconfig */;
			buildSettings = {
				ASSETCATALOG_COMPILER_APPICON_NAME = AppIcon;
				CODE_SIGN_STYLE = Automatic;
				INFOPLIST_FILE = TasksWithFiresbase/Info.plist;
				LD_RUNPATH_SEARCH_PATHS = (
					"$(inherited)",
					"@executable_path/Frameworks",
				);
				PRODUCT_BUNDLE_IDENTIFIER = com.test.TasksWithFiresbase;
				PRODUCT_NAME = "$(TARGET_NAME)";
				SWIFT_VERSION = 5.0;
				TARGETED_DEVICE_FAMILY = "1,2";
			};
			name = Debug;
		};
		153E6A72264D84D60079E11A /* Release */ = {
			isa = XCBuildConfiguration;
			baseConfigurationReference = A2CF04922C5B9FA7828C810A /* Pods-TasksWithFiresbase.release.xcconfig */;
			buildSettings = {
				ASSETCATALOG_COMPILER_APPICON_NAME = AppIcon;
				CODE_SIGN_STYLE = Automatic;
				INFOPLIST_FILE = TasksWithFiresbase/Info.plist;
				LD_RUNPATH_SEARCH_PATHS = (
					"$(inherited)",
					"@executable_path/Frameworks",
				);
				PRODUCT_BUNDLE_IDENTIFIER = com.test.TasksWithFiresbase;
				PRODUCT_NAME = "$(TARGET_NAME)";
				SWIFT_VERSION = 5.0;
				TARGETED_DEVICE_FAMILY = "1,2";
			};
			name = Release;
		};
/* End XCBuildConfiguration section */

/* Begin XCConfigurationList section */
		153E6A57264D84D40079E11A /* Build configuration list for PBXProject "TasksWithFiresbase" */ = {
			isa = XCConfigurationList;
			buildConfigurations = (
				153E6A6E264D84D60079E11A /* Debug */,
				153E6A6F264D84D60079E11A /* Release */,
			);
			defaultConfigurationIsVisible = 0;
			defaultConfigurationName = Release;
		};
		153E6A70264D84D60079E11A /* Build configuration list for PBXNativeTarget "TasksWithFiresbase" */ = {
			isa = XCConfigurationList;
			buildConfigurations = (
				153E6A71264D84D60079E11A /* Debug */,
				153E6A72264D84D60079E11A /* Release */,
			);
			defaultConfigurationIsVisible = 0;
			defaultConfigurationName = Release;
		};
/* End XCConfigurationList section */
	};
	rootObject = 153E6A54264D84D40079E11A /* Project object */;
}
